
Microsoft Visual Studio Solution File, Format Version 12.00
# Visual Studio Version 17
VisualStudioVersion = 17.5.33530.505
MinimumVisualStudioVersion = 10.0.40219.1
Project("{FAE04EC0-301F-11D3-BF4B-00C04F79EFBC}") = "Employee", "Employee.csproj", "{32CFDB2F-F4FB-4A55-A5A1-FEB38BF88642}"
EndProject
Global
	GlobalSection(SolutionConfigurationPlatforms) = preSolution
		Debug|Any CPU = Debug|Any CPU
		Release|Any CPU = Release|Any CPU
	EndGlobalSection
	GlobalSection(ProjectConfigurationPlatforms) = postSolution
		{32CFDB2F-F4FB-4A55-A5A1-FEB38BF88642}.Debug|Any CPU.ActiveCfg = Debug|Any CPU
		{32CFDB2F-F4FB-4A55-A5A1-FEB38BF88642}.Debug|Any CPU.Build.0 = Debug|Any CPU
		{32CFDB2F-F4FB-4A55-A5A1-FEB38BF88642}.Release|Any CPU.ActiveCfg = Release|Any CPU
		{32CFDB2F-F4FB-4A55-A5A1-FEB38BF88642}.Release|Any CPU.Build.0 = Release|Any CPU
	EndGlobalSection
	GlobalSection(SolutionProperties) = preSolution
		HideSolutionNode = FALSE
	EndGlobalSection
	GlobalSection(ExtensibilityGlobals) = postSolution
		SolutionGuid = {8B57F916-143D-4824-A221-6B4CA1CCCD7B}
	EndGlobalSection
EndGlobal
