
Microsoft Visual Studio Solution File, Format Version 12.00
# Visual Studio Version 17
VisualStudioVersion = 17.5.33530.505
MinimumVisualStudioVersion = 10.0.40219.1
Project("{FAE04EC0-301F-11D3-BF4B-00C04F79EFBC}") = "Constructor", "Constructor.csproj", "{C0856EBC-42E6-4453-9D9C-6D5D0BDF3663}"
EndProject
Global
	GlobalSection(SolutionConfigurationPlatforms) = preSolution
		Debug|Any CPU = Debug|Any CPU
		Release|Any CPU = Release|Any CPU
	EndGlobalSection
	GlobalSection(ProjectConfigurationPlatforms) = postSolution
		{C0856EBC-42E6-4453-9D9C-6D5D0BDF3663}.Debug|Any CPU.ActiveCfg = Debug|Any CPU
		{C0856EBC-42E6-4453-9D9C-6D5D0BDF3663}.Debug|Any CPU.Build.0 = Debug|Any CPU
		{C0856EBC-42E6-4453-9D9C-6D5D0BDF3663}.Release|Any CPU.ActiveCfg = Release|Any CPU
		{C0856EBC-42E6-4453-9D9C-6D5D0BDF3663}.Release|Any CPU.Build.0 = Release|Any CPU
	EndGlobalSection
	GlobalSection(SolutionProperties) = preSolution
		HideSolutionNode = FALSE
	EndGlobalSection
	GlobalSection(ExtensibilityGlobals) = postSolution
		SolutionGuid = {8DD3D02F-C29F-4A3B-B4D1-C07FA5323A61}
	EndGlobalSection
EndGlobal
