
Microsoft Visual Studio Solution File, Format Version 12.00
# Visual Studio Version 17
VisualStudioVersion = 17.5.33530.505
MinimumVisualStudioVersion = 10.0.40219.1
Project("{FAE04EC0-301F-11D3-BF4B-00C04F79EFBC}") = "WinFormsApp1(03-07-23)", "WinFormsApp1(03-07-23).csproj", "{A2560546-B5AD-4E42-A1DD-109E8FA9EDE6}"
EndProject
Project("{FAE04EC0-301F-11D3-BF4B-00C04F79EFBC}") = "WinFormsApp1(sub)", "..\WinFormsApp1(sub)\WinFormsApp1(sub).csproj", "{988607EF-5F44-43B3-B7EE-05CA4811D710}"
EndProject
Global
	GlobalSection(SolutionConfigurationPlatforms) = preSolution
		Debug|Any CPU = Debug|Any CPU
		Release|Any CPU = Release|Any CPU
	EndGlobalSection
	GlobalSection(ProjectConfigurationPlatforms) = postSolution
		{A2560546-B5AD-4E42-A1DD-109E8FA9EDE6}.Debug|Any CPU.ActiveCfg = Debug|Any CPU
		{A2560546-B5AD-4E42-A1DD-109E8FA9EDE6}.Debug|Any CPU.Build.0 = Debug|Any CPU
		{A2560546-B5AD-4E42-A1DD-109E8FA9EDE6}.Release|Any CPU.ActiveCfg = Release|Any CPU
		{A2560546-B5AD-4E42-A1DD-109E8FA9EDE6}.Release|Any CPU.Build.0 = Release|Any CPU
		{988607EF-5F44-43B3-B7EE-05CA4811D710}.Debug|Any CPU.ActiveCfg = Debug|Any CPU
		{988607EF-5F44-43B3-B7EE-05CA4811D710}.Debug|Any CPU.Build.0 = Debug|Any CPU
		{988607EF-5F44-43B3-B7EE-05CA4811D710}.Release|Any CPU.ActiveCfg = Release|Any CPU
		{988607EF-5F44-43B3-B7EE-05CA4811D710}.Release|Any CPU.Build.0 = Release|Any CPU
	EndGlobalSection
	GlobalSection(SolutionProperties) = preSolution
		HideSolutionNode = FALSE
	EndGlobalSection
	GlobalSection(ExtensibilityGlobals) = postSolution
		SolutionGuid = {E471242C-06D7-493C-A300-2EF4FB738F1C}
	EndGlobalSection
EndGlobal
