
Microsoft Visual Studio Solution File, Format Version 12.00
# Visual Studio Version 17
VisualStudioVersion = 17.5.33530.505
MinimumVisualStudioVersion = 10.0.40219.1
Project("{FAE04EC0-301F-11D3-BF4B-00C04F79EFBC}") = "assesment", "assesment.csproj", "{13054DED-9798-444E-A26C-8624742AEFB9}"
EndProject
Global
	GlobalSection(SolutionConfigurationPlatforms) = preSolution
		Debug|Any CPU = Debug|Any CPU
		Release|Any CPU = Release|Any CPU
	EndGlobalSection
	GlobalSection(ProjectConfigurationPlatforms) = postSolution
		{13054DED-9798-444E-A26C-8624742AEFB9}.Debug|Any CPU.ActiveCfg = Debug|Any CPU
		{13054DED-9798-444E-A26C-8624742AEFB9}.Debug|Any CPU.Build.0 = Debug|Any CPU
		{13054DED-9798-444E-A26C-8624742AEFB9}.Release|Any CPU.ActiveCfg = Release|Any CPU
		{13054DED-9798-444E-A26C-8624742AEFB9}.Release|Any CPU.Build.0 = Release|Any CPU
	EndGlobalSection
	GlobalSection(SolutionProperties) = preSolution
		HideSolutionNode = FALSE
	EndGlobalSection
	GlobalSection(ExtensibilityGlobals) = postSolution
		SolutionGuid = {8A78A042-204A-46BF-8232-0FF509169B0F}
	EndGlobalSection
EndGlobal
