
Microsoft Visual Studio Solution File, Format Version 12.00
# Visual Studio Version 17
VisualStudioVersion = 17.5.33530.505
MinimumVisualStudioVersion = 10.0.40219.1
Project("{FAE04EC0-301F-11D3-BF4B-00C04F79EFBC}") = "Performance", "Performance.csproj", "{57A611EA-BF03-43FE-94F7-CAE340062CD5}"
EndProject
Global
	GlobalSection(SolutionConfigurationPlatforms) = preSolution
		Debug|Any CPU = Debug|Any CPU
		Release|Any CPU = Release|Any CPU
	EndGlobalSection
	GlobalSection(ProjectConfigurationPlatforms) = postSolution
		{57A611EA-BF03-43FE-94F7-CAE340062CD5}.Debug|Any CPU.ActiveCfg = Debug|Any CPU
		{57A611EA-BF03-43FE-94F7-CAE340062CD5}.Debug|Any CPU.Build.0 = Debug|Any CPU
		{57A611EA-BF03-43FE-94F7-CAE340062CD5}.Release|Any CPU.ActiveCfg = Release|Any CPU
		{57A611EA-BF03-43FE-94F7-CAE340062CD5}.Release|Any CPU.Build.0 = Release|Any CPU
	EndGlobalSection
	GlobalSection(SolutionProperties) = preSolution
		HideSolutionNode = FALSE
	EndGlobalSection
	GlobalSection(ExtensibilityGlobals) = postSolution
		SolutionGuid = {8727F55A-5032-46BF-B404-C70138C87EF3}
	EndGlobalSection
EndGlobal
