
Microsoft Visual Studio Solution File, Format Version 12.00
# Visual Studio Version 17
VisualStudioVersion = 17.5.33530.505
MinimumVisualStudioVersion = 10.0.40219.1
Project("{FAE04EC0-301F-11D3-BF4B-00C04F79EFBC}") = "Practice(19-06-23)mvc", "Practice(19-06-23)mvc.csproj", "{16837DD6-6C7C-4802-9928-F89F9CC69443}"
EndProject
Global
	GlobalSection(SolutionConfigurationPlatforms) = preSolution
		Debug|Any CPU = Debug|Any CPU
		Release|Any CPU = Release|Any CPU
	EndGlobalSection
	GlobalSection(ProjectConfigurationPlatforms) = postSolution
		{16837DD6-6C7C-4802-9928-F89F9CC69443}.Debug|Any CPU.ActiveCfg = Debug|Any CPU
		{16837DD6-6C7C-4802-9928-F89F9CC69443}.Debug|Any CPU.Build.0 = Debug|Any CPU
		{16837DD6-6C7C-4802-9928-F89F9CC69443}.Release|Any CPU.ActiveCfg = Release|Any CPU
		{16837DD6-6C7C-4802-9928-F89F9CC69443}.Release|Any CPU.Build.0 = Release|Any CPU
	EndGlobalSection
	GlobalSection(SolutionProperties) = preSolution
		HideSolutionNode = FALSE
	EndGlobalSection
	GlobalSection(ExtensibilityGlobals) = postSolution
		SolutionGuid = {73717A8B-0A79-465B-ADD7-EAC94A8C01D6}
	EndGlobalSection
EndGlobal
