
Microsoft Visual Studio Solution File, Format Version 12.00
# Visual Studio Version 17
VisualStudioVersion = 17.5.33530.505
MinimumVisualStudioVersion = 10.0.40219.1
Project("{9A19103F-16F7-4668-BE54-9A1E7A4F7556}") = "unittest(mvc)20-06-23(hw)", "unittest(mvc)20-06-23(hw).csproj", "{D95DE9AA-4497-446F-A289-83BDABC077EE}"
EndProject
Project("{FAE04EC0-301F-11D3-BF4B-00C04F79EFBC}") = "UserService", "..\UserService\UserService.csproj", "{16ACD28D-F702-4029-9ACC-0347714F04CE}"
EndProject
Project("{FAE04EC0-301F-11D3-BF4B-00C04F79EFBC}") = "DataService", "..\DataService\DataService.csproj", "{788E1AEE-D539-4B04-A64E-3E2DE8815518}"
EndProject
Project("{FAE04EC0-301F-11D3-BF4B-00C04F79EFBC}") = "UserServiceTests", "..\UserServiceTests\UserServiceTests.csproj", "{89175A61-6F0B-4C1B-98CB-8AC89AD6F78F}"
EndProject
Project("{FAE04EC0-301F-11D3-BF4B-00C04F79EFBC}") = "UserServiceTests1", "..\UserServiceTests1\UserServiceTests1.csproj", "{8728FFB8-CE09-455A-BB2C-674F3876FF10}"
EndProject
Global
	GlobalSection(SolutionConfigurationPlatforms) = preSolution
		Debug|Any CPU = Debug|Any CPU
		Release|Any CPU = Release|Any CPU
	EndGlobalSection
	GlobalSection(ProjectConfigurationPlatforms) = postSolution
		{D95DE9AA-4497-446F-A289-83BDABC077EE}.Debug|Any CPU.ActiveCfg = Debug|Any CPU
		{D95DE9AA-4497-446F-A289-83BDABC077EE}.Debug|Any CPU.Build.0 = Debug|Any CPU
		{D95DE9AA-4497-446F-A289-83BDABC077EE}.Release|Any CPU.ActiveCfg = Release|Any CPU
		{D95DE9AA-4497-446F-A289-83BDABC077EE}.Release|Any CPU.Build.0 = Release|Any CPU
		{16ACD28D-F702-4029-9ACC-0347714F04CE}.Debug|Any CPU.ActiveCfg = Debug|Any CPU
		{16ACD28D-F702-4029-9ACC-0347714F04CE}.Debug|Any CPU.Build.0 = Debug|Any CPU
		{16ACD28D-F702-4029-9ACC-0347714F04CE}.Release|Any CPU.ActiveCfg = Release|Any CPU
		{16ACD28D-F702-4029-9ACC-0347714F04CE}.Release|Any CPU.Build.0 = Release|Any CPU
		{788E1AEE-D539-4B04-A64E-3E2DE8815518}.Debug|Any CPU.ActiveCfg = Debug|Any CPU
		{788E1AEE-D539-4B04-A64E-3E2DE8815518}.Debug|Any CPU.Build.0 = Debug|Any CPU
		{788E1AEE-D539-4B04-A64E-3E2DE8815518}.Release|Any CPU.ActiveCfg = Release|Any CPU
		{788E1AEE-D539-4B04-A64E-3E2DE8815518}.Release|Any CPU.Build.0 = Release|Any CPU
		{89175A61-6F0B-4C1B-98CB-8AC89AD6F78F}.Debug|Any CPU.ActiveCfg = Debug|Any CPU
		{89175A61-6F0B-4C1B-98CB-8AC89AD6F78F}.Debug|Any CPU.Build.0 = Debug|Any CPU
		{89175A61-6F0B-4C1B-98CB-8AC89AD6F78F}.Release|Any CPU.ActiveCfg = Release|Any CPU
		{89175A61-6F0B-4C1B-98CB-8AC89AD6F78F}.Release|Any CPU.Build.0 = Release|Any CPU
		{8728FFB8-CE09-455A-BB2C-674F3876FF10}.Debug|Any CPU.ActiveCfg = Debug|Any CPU
		{8728FFB8-CE09-455A-BB2C-674F3876FF10}.Debug|Any CPU.Build.0 = Debug|Any CPU
		{8728FFB8-CE09-455A-BB2C-674F3876FF10}.Release|Any CPU.ActiveCfg = Release|Any CPU
		{8728FFB8-CE09-455A-BB2C-674F3876FF10}.Release|Any CPU.Build.0 = Release|Any CPU
	EndGlobalSection
	GlobalSection(SolutionProperties) = preSolution
		HideSolutionNode = FALSE
	EndGlobalSection
	GlobalSection(ExtensibilityGlobals) = postSolution
		SolutionGuid = {E96F20AF-29AD-45EA-AFA6-43560C003C9C}
	EndGlobalSection
EndGlobal
