
Microsoft Visual Studio Solution File, Format Version 12.00
# Visual Studio Version 17
VisualStudioVersion = 17.5.33530.505
MinimumVisualStudioVersion = 10.0.40219.1
Project("{FAE04EC0-301F-11D3-BF4B-00C04F79EFBC}") = "student(08-06-22023)get,put,post", "student(08-06-22023)get,put,post.csproj", "{EDC4760C-A93C-4984-BAD2-283560BAD953}"
EndProject
Global
	GlobalSection(SolutionConfigurationPlatforms) = preSolution
		Debug|Any CPU = Debug|Any CPU
		Release|Any CPU = Release|Any CPU
	EndGlobalSection
	GlobalSection(ProjectConfigurationPlatforms) = postSolution
		{EDC4760C-A93C-4984-BAD2-283560BAD953}.Debug|Any CPU.ActiveCfg = Debug|Any CPU
		{EDC4760C-A93C-4984-BAD2-283560BAD953}.Debug|Any CPU.Build.0 = Debug|Any CPU
		{EDC4760C-A93C-4984-BAD2-283560BAD953}.Release|Any CPU.ActiveCfg = Release|Any CPU
		{EDC4760C-A93C-4984-BAD2-283560BAD953}.Release|Any CPU.Build.0 = Release|Any CPU
	EndGlobalSection
	GlobalSection(SolutionProperties) = preSolution
		HideSolutionNode = FALSE
	EndGlobalSection
	GlobalSection(ExtensibilityGlobals) = postSolution
		SolutionGuid = {17CB98FE-53F2-4A2F-837D-6858F2F26557}
	EndGlobalSection
EndGlobal
