
Microsoft Visual Studio Solution File, Format Version 12.00
# Visual Studio Version 17
VisualStudioVersion = 17.5.33530.505
MinimumVisualStudioVersion = 10.0.40219.1
Project("{FAE04EC0-301F-11D3-BF4B-00C04F79EFBC}") = "adotask(23-06-23)", "adotask(23-06-23).csproj", "{EA3666A9-4387-40E6-8F1D-22C961933E65}"
EndProject
Global
	GlobalSection(SolutionConfigurationPlatforms) = preSolution
		Debug|Any CPU = Debug|Any CPU
		Release|Any CPU = Release|Any CPU
	EndGlobalSection
	GlobalSection(ProjectConfigurationPlatforms) = postSolution
		{EA3666A9-4387-40E6-8F1D-22C961933E65}.Debug|Any CPU.ActiveCfg = Debug|Any CPU
		{EA3666A9-4387-40E6-8F1D-22C961933E65}.Debug|Any CPU.Build.0 = Debug|Any CPU
		{EA3666A9-4387-40E6-8F1D-22C961933E65}.Release|Any CPU.ActiveCfg = Release|Any CPU
		{EA3666A9-4387-40E6-8F1D-22C961933E65}.Release|Any CPU.Build.0 = Release|Any CPU
	EndGlobalSection
	GlobalSection(SolutionProperties) = preSolution
		HideSolutionNode = FALSE
	EndGlobalSection
	GlobalSection(ExtensibilityGlobals) = postSolution
		SolutionGuid = {3D374AAE-D521-42A4-B0BA-38AA6D623DDE}
	EndGlobalSection
EndGlobal
