
Microsoft Visual Studio Solution File, Format Version 12.00
# Visual Studio Version 17
VisualStudioVersion = 17.5.33530.505
MinimumVisualStudioVersion = 10.0.40219.1
Project("{FAE04EC0-301F-11D3-BF4B-00C04F79EFBC}") = "task(05-06-23)employeefullname", "task(05-06-23)employeefullname.csproj", "{4E57D99D-5CC3-44C5-ACB3-D74BD8AB5310}"
EndProject
Global
	GlobalSection(SolutionConfigurationPlatforms) = preSolution
		Debug|Any CPU = Debug|Any CPU
		Release|Any CPU = Release|Any CPU
	EndGlobalSection
	GlobalSection(ProjectConfigurationPlatforms) = postSolution
		{4E57D99D-5CC3-44C5-ACB3-D74BD8AB5310}.Debug|Any CPU.ActiveCfg = Debug|Any CPU
		{4E57D99D-5CC3-44C5-ACB3-D74BD8AB5310}.Debug|Any CPU.Build.0 = Debug|Any CPU
		{4E57D99D-5CC3-44C5-ACB3-D74BD8AB5310}.Release|Any CPU.ActiveCfg = Release|Any CPU
		{4E57D99D-5CC3-44C5-ACB3-D74BD8AB5310}.Release|Any CPU.Build.0 = Release|Any CPU
	EndGlobalSection
	GlobalSection(SolutionProperties) = preSolution
		HideSolutionNode = FALSE
	EndGlobalSection
	GlobalSection(ExtensibilityGlobals) = postSolution
		SolutionGuid = {39462E73-F2D2-49C6-8E38-636DBF2016F9}
	EndGlobalSection
EndGlobal
