
Microsoft Visual Studio Solution File, Format Version 12.00
# Visual Studio Version 17
VisualStudioVersion = 17.5.33530.505
MinimumVisualStudioVersion = 10.0.40219.1
Project("{FAE04EC0-301F-11D3-BF4B-00C04F79EFBC}") = "dbcreation(06-06-23)entity", "dbcreation(06-06-23)entity.csproj", "{DAA7F3A3-BD8B-43C7-90B9-1D16F6B38375}"
EndProject
Global
	GlobalSection(SolutionConfigurationPlatforms) = preSolution
		Debug|Any CPU = Debug|Any CPU
		Release|Any CPU = Release|Any CPU
	EndGlobalSection
	GlobalSection(ProjectConfigurationPlatforms) = postSolution
		{DAA7F3A3-BD8B-43C7-90B9-1D16F6B38375}.Debug|Any CPU.ActiveCfg = Debug|Any CPU
		{DAA7F3A3-BD8B-43C7-90B9-1D16F6B38375}.Debug|Any CPU.Build.0 = Debug|Any CPU
		{DAA7F3A3-BD8B-43C7-90B9-1D16F6B38375}.Release|Any CPU.ActiveCfg = Release|Any CPU
		{DAA7F3A3-BD8B-43C7-90B9-1D16F6B38375}.Release|Any CPU.Build.0 = Release|Any CPU
	EndGlobalSection
	GlobalSection(SolutionProperties) = preSolution
		HideSolutionNode = FALSE
	EndGlobalSection
	GlobalSection(ExtensibilityGlobals) = postSolution
		SolutionGuid = {5F8A931A-28D6-43DC-ACD8-AB28B087E988}
	EndGlobalSection
EndGlobal
