
Microsoft Visual Studio Solution File, Format Version 12.00
# Visual Studio Version 17
VisualStudioVersion = 17.5.33530.505
MinimumVisualStudioVersion = 10.0.40219.1
Project("{FAE04EC0-301F-11D3-BF4B-00C04F79EFBC}") = "task(console)", "task(console).csproj", "{3EF42639-824F-4444-A7F4-4CCD32B35E90}"
EndProject
Global
	GlobalSection(SolutionConfigurationPlatforms) = preSolution
		Debug|Any CPU = Debug|Any CPU
		Release|Any CPU = Release|Any CPU
	EndGlobalSection
	GlobalSection(ProjectConfigurationPlatforms) = postSolution
		{3EF42639-824F-4444-A7F4-4CCD32B35E90}.Debug|Any CPU.ActiveCfg = Debug|Any CPU
		{3EF42639-824F-4444-A7F4-4CCD32B35E90}.Debug|Any CPU.Build.0 = Debug|Any CPU
		{3EF42639-824F-4444-A7F4-4CCD32B35E90}.Release|Any CPU.ActiveCfg = Release|Any CPU
		{3EF42639-824F-4444-A7F4-4CCD32B35E90}.Release|Any CPU.Build.0 = Release|Any CPU
	EndGlobalSection
	GlobalSection(SolutionProperties) = preSolution
		HideSolutionNode = FALSE
	EndGlobalSection
	GlobalSection(ExtensibilityGlobals) = postSolution
		SolutionGuid = {B1157527-B6A4-4DC2-9506-DF9F96FD8A30}
	EndGlobalSection
EndGlobal
